
Microsoft Visual Studio Solution File, Format Version 12.00
# Visual Studio Version 17
VisualStudioVersion = 17.0.31903.59
MinimumVisualStudioVersion = 10.0.40219.1
Project("{2150E333-8FDC-42A3-9474-1A3956D46DE8}") = "src", "src", "{80D1494D-AA4E-4DF5-B9B6-0BA9E368E572}"
EndProject
Project("{2150E333-8FDC-42A3-9474-1A3956D46DE8}") = "building-blocks", "building-blocks", "{9C6B4C04-216A-4CF6-B8E4-B59D3BAC1DCC}"
EndProject
Project("{FAE04EC0-301F-11D3-BF4B-00C04F79EFBC}") = "BuildingBlocks.Core", "src\BuildingBlocks\BuildingBlocks.Core\BuildingBlocks.Core.csproj", "{D7B9F39E-0A9F-406B-BF62-A1699A6220BE}"
EndProject
Project("{FAE04EC0-301F-11D3-BF4B-00C04F79EFBC}") = "BuildingBlocks.Abstractions", "src\BuildingBlocks\BuildingBlocks.Abstractions\BuildingBlocks.Abstractions.csproj", "{C89813A4-0960-450A-8694-3B52BCE91ADB}"
EndProject
Project("{FAE04EC0-301F-11D3-BF4B-00C04F79EFBC}") = "BuildingBlocks.Logging", "src\BuildingBlocks\BuildingBlocks.Logging\BuildingBlocks.Logging.csproj", "{E790A2F1-F19C-4452-936D-7CB139F500A2}"
EndProject
Project("{FAE04EC0-301F-11D3-BF4B-00C04F79EFBC}") = "BuildingBlocks.Validation", "src\BuildingBlocks\BuildingBlocks.Validation\BuildingBlocks.Validation.csproj", "{5F0EABA1-6591-4A36-8A55-E4D41071D730}"
EndProject
Project("{FAE04EC0-301F-11D3-BF4B-00C04F79EFBC}") = "BuildingBlocks.Swagger", "src\BuildingBlocks\BuildingBlocks.Swagger\BuildingBlocks.Swagger.csproj", "{985ED80B-CDE2-4E29-BA26-46EA7D717906}"
EndProject
Project("{FAE04EC0-301F-11D3-BF4B-00C04F79EFBC}") = "BuildingBlocks.Web", "src\BuildingBlocks\BuildingBlocks.Web\BuildingBlocks.Web.csproj", "{8468409D-7B66-417F-9858-813606EA29A8}"
EndProject
Project("{FAE04EC0-301F-11D3-BF4B-00C04F79EFBC}") = "BuildingBlocks.Caching", "src\BuildingBlocks\BuildingBlocks.Caching\BuildingBlocks.Caching.csproj", "{9BC89349-99CE-441D-AD5E-CE57DB73F003}"
EndProject
Project("{FAE04EC0-301F-11D3-BF4B-00C04F79EFBC}") = "BuildingBlocks.Resiliency", "src\BuildingBlocks\BuildingBlocks.Resiliency\BuildingBlocks.Resiliency.csproj", "{236D9814-4CFA-49DF-9FB2-329DB8B805F5}"
EndProject
Project("{FAE04EC0-301F-11D3-BF4B-00C04F79EFBC}") = "BuildingBlocks.OpenTelemetry", "src\BuildingBlocks\BuildingBlocks.OpenTelemetry\BuildingBlocks.OpenTelemetry.csproj", "{C19420D2-1324-4D73-8F3E-66B82B76573C}"
EndProject
Project("{FAE04EC0-301F-11D3-BF4B-00C04F79EFBC}") = "BuildingBlocks.HealthCheck", "src\BuildingBlocks\BuildingBlocks.HealthCheck\BuildingBlocks.HealthCheck.csproj", "{8AEE9DD9-E2D1-47DC-AB15-BE494C1653EA}"
EndProject
Project("{2150E333-8FDC-42A3-9474-1A3956D46DE8}") = "services", "services", "{E94AD010-1690-4872-88BA-373BBEE33D68}"
EndProject
Project("{2150E333-8FDC-42A3-9474-1A3956D46DE8}") = "Tasks", "Tasks", "{C163042D-CE3A-42DC-9BA2-635B0D2040DC}"
EndProject
Project("{FAE04EC0-301F-11D3-BF4B-00C04F79EFBC}") = "JCR.Services.Tasks", "src\Services\Tasks\JCR.Services.Tasks\JCR.Services.Tasks.csproj", "{7FB5A813-0EB8-4B57-979D-120FA1459955}"
EndProject
Project("{FAE04EC0-301F-11D3-BF4B-00C04F79EFBC}") = "JCR.Services.Tasks.Api", "src\Services\Tasks\JCR.Services.Tasks.Api\JCR.Services.Tasks.Api.csproj", "{DF8B8F7D-63B6-46F6-8D79-DA67E3D25F48}"
EndProject
Project("{2150E333-8FDC-42A3-9474-1A3956D46DE8}") = "AppliedAIService", "AppliedAIService", "{92ECDF00-79E0-4D5D-87F0-DFCE99ADB40D}"
EndProject
Project("{FAE04EC0-301F-11D3-BF4B-00C04F79EFBC}") = "BuildingBlocks.Dapr", "src\BuildingBlocks\BuildingBlocks.Dapr\BuildingBlocks.Dapr.csproj", "{3402AE56-AB45-40A9-B33A-C1DD8E0A86E3}"
EndProject
Project("{2150E333-8FDC-42A3-9474-1A3956D46DE8}") = "configs", "configs", "{DE3C62B1-3A85-4C76-9286-FFC2D60F80DC}"
EndProject
Project("{2150E333-8FDC-42A3-9474-1A3956D46DE8}") = "deployments", "deployments", "{8EEF3D4B-DA12-4586-9481-2C038720D6DD}"
EndProject
Project("{2150E333-8FDC-42A3-9474-1A3956D46DE8}") = "tye", "tye", "{58ABB1EF-DCF3-4406-8BE5-6C471DDC53BA}"
	ProjectSection(SolutionItems) = preProject
		deployments\tye\tye.yaml = deployments\tye\tye.yaml
		deployments\tye\.tye\process_store = deployments\tye\.tye\process_store
		deployments\tye\.env = deployments\tye\.env
	EndProjectSection
EndProject
Project("{2150E333-8FDC-42A3-9474-1A3956D46DE8}") = "dapr", "dapr", "{239D412C-8175-40C8-B240-1DCBAEEB8A3A}"
EndProject
Project("{2150E333-8FDC-42A3-9474-1A3956D46DE8}") = "local", "local", "{FB1D53F7-7231-4139-8F1C-C26E2D29BA8C}"
EndProject
Project("{2150E333-8FDC-42A3-9474-1A3956D46DE8}") = "components", "components", "{0204E2E2-76F2-46A5-9A3A-F59CA3240126}"
	ProjectSection(SolutionItems) = preProject
		deployments\dapr\components\output-binding-azure-blob.yaml = deployments\dapr\components\output-binding-azure-blob.yaml
		deployments\dapr\components\jcr-services-secret-store.yaml = deployments\dapr\components\jcr-services-secret-store.yaml
		deployments\dapr\components\secrets.dev.json = deployments\dapr\components\secrets.dev.json
	EndProjectSection
EndProject
Project("{2150E333-8FDC-42A3-9474-1A3956D46DE8}") = "release", "release", "{2B35AF30-6049-483E-B2BA-DF531F53D2C8}"
EndProject
Project("{2150E333-8FDC-42A3-9474-1A3956D46DE8}") = "components", "components", "{4881BC0B-9462-42BF-9334-0178350F0F5A}"
EndProject
Project("{FAE04EC0-301F-11D3-BF4B-00C04F79EFBC}") = "JCR.Services.AppliedAIService", "src\Services\AppliedAIService\JCR.Services.AppliedAIService\JCR.Services.AppliedAIService.csproj", "{5DE2B675-B54B-4371-979C-B5088C33AABE}"
EndProject
Project("{FAE04EC0-301F-11D3-BF4B-00C04F79EFBC}") = "JCR.Services.AppliedAIService.Api", "src\Services\AppliedAIService\JCR.Services.AppliedAIService.Api\JCR.Services.AppliedAIService.Api.csproj", "{9A3092A3-137E-41DC-AC1A-EE9B5604D489}"
EndProject
Global
	GlobalSection(SolutionConfigurationPlatforms) = preSolution
		Debug|Any CPU = Debug|Any CPU
		Release|Any CPU = Release|Any CPU
	EndGlobalSection
	GlobalSection(SolutionProperties) = preSolution
		HideSolutionNode = FALSE
	EndGlobalSection
	GlobalSection(NestedProjects) = preSolution
		{9C6B4C04-216A-4CF6-B8E4-B59D3BAC1DCC} = {80D1494D-AA4E-4DF5-B9B6-0BA9E368E572}
		{D7B9F39E-0A9F-406B-BF62-A1699A6220BE} = {9C6B4C04-216A-4CF6-B8E4-B59D3BAC1DCC}
		{C89813A4-0960-450A-8694-3B52BCE91ADB} = {9C6B4C04-216A-4CF6-B8E4-B59D3BAC1DCC}
		{E790A2F1-F19C-4452-936D-7CB139F500A2} = {9C6B4C04-216A-4CF6-B8E4-B59D3BAC1DCC}
		{5F0EABA1-6591-4A36-8A55-E4D41071D730} = {9C6B4C04-216A-4CF6-B8E4-B59D3BAC1DCC}
		{985ED80B-CDE2-4E29-BA26-46EA7D717906} = {9C6B4C04-216A-4CF6-B8E4-B59D3BAC1DCC}
		{8468409D-7B66-417F-9858-813606EA29A8} = {9C6B4C04-216A-4CF6-B8E4-B59D3BAC1DCC}
		{9BC89349-99CE-441D-AD5E-CE57DB73F003} = {9C6B4C04-216A-4CF6-B8E4-B59D3BAC1DCC}
		{236D9814-4CFA-49DF-9FB2-329DB8B805F5} = {9C6B4C04-216A-4CF6-B8E4-B59D3BAC1DCC}
		{C19420D2-1324-4D73-8F3E-66B82B76573C} = {9C6B4C04-216A-4CF6-B8E4-B59D3BAC1DCC}
		{8AEE9DD9-E2D1-47DC-AB15-BE494C1653EA} = {9C6B4C04-216A-4CF6-B8E4-B59D3BAC1DCC}
		{E94AD010-1690-4872-88BA-373BBEE33D68} = {80D1494D-AA4E-4DF5-B9B6-0BA9E368E572}
		{C163042D-CE3A-42DC-9BA2-635B0D2040DC} = {E94AD010-1690-4872-88BA-373BBEE33D68}
		{7FB5A813-0EB8-4B57-979D-120FA1459955} = {C163042D-CE3A-42DC-9BA2-635B0D2040DC}
		{DF8B8F7D-63B6-46F6-8D79-DA67E3D25F48} = {C163042D-CE3A-42DC-9BA2-635B0D2040DC}
		{92ECDF00-79E0-4D5D-87F0-DFCE99ADB40D} = {E94AD010-1690-4872-88BA-373BBEE33D68}
		{3402AE56-AB45-40A9-B33A-C1DD8E0A86E3} = {9C6B4C04-216A-4CF6-B8E4-B59D3BAC1DCC}
		{8EEF3D4B-DA12-4586-9481-2C038720D6DD} = {DE3C62B1-3A85-4C76-9286-FFC2D60F80DC}
		{58ABB1EF-DCF3-4406-8BE5-6C471DDC53BA} = {8EEF3D4B-DA12-4586-9481-2C038720D6DD}
		{239D412C-8175-40C8-B240-1DCBAEEB8A3A} = {8EEF3D4B-DA12-4586-9481-2C038720D6DD}
		{FB1D53F7-7231-4139-8F1C-C26E2D29BA8C} = {239D412C-8175-40C8-B240-1DCBAEEB8A3A}
		{0204E2E2-76F2-46A5-9A3A-F59CA3240126} = {FB1D53F7-7231-4139-8F1C-C26E2D29BA8C}
		{2B35AF30-6049-483E-B2BA-DF531F53D2C8} = {239D412C-8175-40C8-B240-1DCBAEEB8A3A}
		{4881BC0B-9462-42BF-9334-0178350F0F5A} = {2B35AF30-6049-483E-B2BA-DF531F53D2C8}
		{5DE2B675-B54B-4371-979C-B5088C33AABE} = {92ECDF00-79E0-4D5D-87F0-DFCE99ADB40D}
		{9A3092A3-137E-41DC-AC1A-EE9B5604D489} = {92ECDF00-79E0-4D5D-87F0-DFCE99ADB40D}
	EndGlobalSection
	GlobalSection(ProjectConfigurationPlatforms) = postSolution
		{D7B9F39E-0A9F-406B-BF62-A1699A6220BE}.Debug|Any CPU.ActiveCfg = Debug|Any CPU
		{D7B9F39E-0A9F-406B-BF62-A1699A6220BE}.Debug|Any CPU.Build.0 = Debug|Any CPU
		{D7B9F39E-0A9F-406B-BF62-A1699A6220BE}.Release|Any CPU.ActiveCfg = Release|Any CPU
		{D7B9F39E-0A9F-406B-BF62-A1699A6220BE}.Release|Any CPU.Build.0 = Release|Any CPU
		{C89813A4-0960-450A-8694-3B52BCE91ADB}.Debug|Any CPU.ActiveCfg = Debug|Any CPU
		{C89813A4-0960-450A-8694-3B52BCE91ADB}.Debug|Any CPU.Build.0 = Debug|Any CPU
		{C89813A4-0960-450A-8694-3B52BCE91ADB}.Release|Any CPU.ActiveCfg = Release|Any CPU
		{C89813A4-0960-450A-8694-3B52BCE91ADB}.Release|Any CPU.Build.0 = Release|Any CPU
		{E790A2F1-F19C-4452-936D-7CB139F500A2}.Debug|Any CPU.ActiveCfg = Debug|Any CPU
		{E790A2F1-F19C-4452-936D-7CB139F500A2}.Debug|Any CPU.Build.0 = Debug|Any CPU
		{E790A2F1-F19C-4452-936D-7CB139F500A2}.Release|Any CPU.ActiveCfg = Release|Any CPU
		{E790A2F1-F19C-4452-936D-7CB139F500A2}.Release|Any CPU.Build.0 = Release|Any CPU
		{5F0EABA1-6591-4A36-8A55-E4D41071D730}.Debug|Any CPU.ActiveCfg = Debug|Any CPU
		{5F0EABA1-6591-4A36-8A55-E4D41071D730}.Debug|Any CPU.Build.0 = Debug|Any CPU
		{5F0EABA1-6591-4A36-8A55-E4D41071D730}.Release|Any CPU.ActiveCfg = Release|Any CPU
		{5F0EABA1-6591-4A36-8A55-E4D41071D730}.Release|Any CPU.Build.0 = Release|Any CPU
		{985ED80B-CDE2-4E29-BA26-46EA7D717906}.Debug|Any CPU.ActiveCfg = Debug|Any CPU
		{985ED80B-CDE2-4E29-BA26-46EA7D717906}.Debug|Any CPU.Build.0 = Debug|Any CPU
		{985ED80B-CDE2-4E29-BA26-46EA7D717906}.Release|Any CPU.ActiveCfg = Release|Any CPU
		{985ED80B-CDE2-4E29-BA26-46EA7D717906}.Release|Any CPU.Build.0 = Release|Any CPU
		{8468409D-7B66-417F-9858-813606EA29A8}.Debug|Any CPU.ActiveCfg = Debug|Any CPU
		{8468409D-7B66-417F-9858-813606EA29A8}.Debug|Any CPU.Build.0 = Debug|Any CPU
		{8468409D-7B66-417F-9858-813606EA29A8}.Release|Any CPU.ActiveCfg = Release|Any CPU
		{8468409D-7B66-417F-9858-813606EA29A8}.Release|Any CPU.Build.0 = Release|Any CPU
		{9BC89349-99CE-441D-AD5E-CE57DB73F003}.Debug|Any CPU.ActiveCfg = Debug|Any CPU
		{9BC89349-99CE-441D-AD5E-CE57DB73F003}.Debug|Any CPU.Build.0 = Debug|Any CPU
		{9BC89349-99CE-441D-AD5E-CE57DB73F003}.Release|Any CPU.ActiveCfg = Release|Any CPU
		{9BC89349-99CE-441D-AD5E-CE57DB73F003}.Release|Any CPU.Build.0 = Release|Any CPU
		{236D9814-4CFA-49DF-9FB2-329DB8B805F5}.Debug|Any CPU.ActiveCfg = Debug|Any CPU
		{236D9814-4CFA-49DF-9FB2-329DB8B805F5}.Debug|Any CPU.Build.0 = Debug|Any CPU
		{236D9814-4CFA-49DF-9FB2-329DB8B805F5}.Release|Any CPU.ActiveCfg = Release|Any CPU
		{236D9814-4CFA-49DF-9FB2-329DB8B805F5}.Release|Any CPU.Build.0 = Release|Any CPU
		{C19420D2-1324-4D73-8F3E-66B82B76573C}.Debug|Any CPU.ActiveCfg = Debug|Any CPU
		{C19420D2-1324-4D73-8F3E-66B82B76573C}.Debug|Any CPU.Build.0 = Debug|Any CPU
		{C19420D2-1324-4D73-8F3E-66B82B76573C}.Release|Any CPU.ActiveCfg = Release|Any CPU
		{C19420D2-1324-4D73-8F3E-66B82B76573C}.Release|Any CPU.Build.0 = Release|Any CPU
		{8AEE9DD9-E2D1-47DC-AB15-BE494C1653EA}.Debug|Any CPU.ActiveCfg = Debug|Any CPU
		{8AEE9DD9-E2D1-47DC-AB15-BE494C1653EA}.Debug|Any CPU.Build.0 = Debug|Any CPU
		{8AEE9DD9-E2D1-47DC-AB15-BE494C1653EA}.Release|Any CPU.ActiveCfg = Release|Any CPU
		{8AEE9DD9-E2D1-47DC-AB15-BE494C1653EA}.Release|Any CPU.Build.0 = Release|Any CPU
		{7FB5A813-0EB8-4B57-979D-120FA1459955}.Debug|Any CPU.ActiveCfg = Debug|Any CPU
		{7FB5A813-0EB8-4B57-979D-120FA1459955}.Debug|Any CPU.Build.0 = Debug|Any CPU
		{7FB5A813-0EB8-4B57-979D-120FA1459955}.Release|Any CPU.ActiveCfg = Release|Any CPU
		{7FB5A813-0EB8-4B57-979D-120FA1459955}.Release|Any CPU.Build.0 = Release|Any CPU
		{DF8B8F7D-63B6-46F6-8D79-DA67E3D25F48}.Debug|Any CPU.ActiveCfg = Debug|Any CPU
		{DF8B8F7D-63B6-46F6-8D79-DA67E3D25F48}.Debug|Any CPU.Build.0 = Debug|Any CPU
		{DF8B8F7D-63B6-46F6-8D79-DA67E3D25F48}.Release|Any CPU.ActiveCfg = Release|Any CPU
		{DF8B8F7D-63B6-46F6-8D79-DA67E3D25F48}.Release|Any CPU.Build.0 = Release|Any CPU
		{3402AE56-AB45-40A9-B33A-C1DD8E0A86E3}.Debug|Any CPU.ActiveCfg = Debug|Any CPU
		{3402AE56-AB45-40A9-B33A-C1DD8E0A86E3}.Debug|Any CPU.Build.0 = Debug|Any CPU
		{3402AE56-AB45-40A9-B33A-C1DD8E0A86E3}.Release|Any CPU.ActiveCfg = Release|Any CPU
		{3402AE56-AB45-40A9-B33A-C1DD8E0A86E3}.Release|Any CPU.Build.0 = Release|Any CPU
		{5DE2B675-B54B-4371-979C-B5088C33AABE}.Debug|Any CPU.ActiveCfg = Debug|Any CPU
		{5DE2B675-B54B-4371-979C-B5088C33AABE}.Debug|Any CPU.Build.0 = Debug|Any CPU
		{5DE2B675-B54B-4371-979C-B5088C33AABE}.Release|Any CPU.ActiveCfg = Release|Any CPU
		{5DE2B675-B54B-4371-979C-B5088C33AABE}.Release|Any CPU.Build.0 = Release|Any CPU
		{9A3092A3-137E-41DC-AC1A-EE9B5604D489}.Debug|Any CPU.ActiveCfg = Debug|Any CPU
		{9A3092A3-137E-41DC-AC1A-EE9B5604D489}.Debug|Any CPU.Build.0 = Debug|Any CPU
		{9A3092A3-137E-41DC-AC1A-EE9B5604D489}.Release|Any CPU.ActiveCfg = Release|Any CPU
		{9A3092A3-137E-41DC-AC1A-EE9B5604D489}.Release|Any CPU.Build.0 = Release|Any CPU
	EndGlobalSection
EndGlobal
